
Microsoft Visual Studio Solution File, Format Version 12.00
# Visual Studio Version 16
VisualStudioVersion = 16.0.29926.136
MinimumVisualStudioVersion = 10.0.40219.1
Project("{FAE04EC0-301F-11D3-BF4B-00C04F79EFBC}") = "Covid19DbMigration", "Covid19DbMigration.csproj", "{407E3DD1-60E6-4C6D-9D72-8E85BB35EBC7}"
EndProject
Global
	GlobalSection(SolutionConfigurationPlatforms) = preSolution
		Debug|Any CPU = Debug|Any CPU
		Release|Any CPU = Release|Any CPU
	EndGlobalSection
	GlobalSection(ProjectConfigurationPlatforms) = postSolution
		{407E3DD1-60E6-4C6D-9D72-8E85BB35EBC7}.Debug|Any CPU.ActiveCfg = Debug|Any CPU
		{407E3DD1-60E6-4C6D-9D72-8E85BB35EBC7}.Debug|Any CPU.Build.0 = Debug|Any CPU
		{407E3DD1-60E6-4C6D-9D72-8E85BB35EBC7}.Release|Any CPU.ActiveCfg = Release|Any CPU
		{407E3DD1-60E6-4C6D-9D72-8E85BB35EBC7}.Release|Any CPU.Build.0 = Release|Any CPU
	EndGlobalSection
	GlobalSection(SolutionProperties) = preSolution
		HideSolutionNode = FALSE
	EndGlobalSection
	GlobalSection(ExtensibilityGlobals) = postSolution
		SolutionGuid = {EDCB4136-B280-40F1-8AC6-84AF405D50EF}
	EndGlobalSection
EndGlobal
